
Microsoft Visual Studio Solution File, Format Version 12.00
# Visual Studio Version 17
VisualStudioVersion = 17.14.36408.4 d17.14
MinimumVisualStudioVersion = 10.0.40219.1
Project("{FAE04EC0-301F-11D3-BF4B-00C04F79EFBC}") = "Market_Otomasyon_Projesi", "Market_Otomasyon_Projesi.csproj", "{70E94AE7-DBD2-4E35-9592-CB340BD985AB}"
EndProject
Global
	GlobalSection(SolutionConfigurationPlatforms) = preSolution
		Debug|Any CPU = Debug|Any CPU
		Release|Any CPU = Release|Any CPU
	EndGlobalSection
	GlobalSection(ProjectConfigurationPlatforms) = postSolution
		{70E94AE7-DBD2-4E35-9592-CB340BD985AB}.Debug|Any CPU.ActiveCfg = Debug|Any CPU
		{70E94AE7-DBD2-4E35-9592-CB340BD985AB}.Debug|Any CPU.Build.0 = Debug|Any CPU
		{70E94AE7-DBD2-4E35-9592-CB340BD985AB}.Release|Any CPU.ActiveCfg = Release|Any CPU
		{70E94AE7-DBD2-4E35-9592-CB340BD985AB}.Release|Any CPU.Build.0 = Release|Any CPU
	EndGlobalSection
	GlobalSection(SolutionProperties) = preSolution
		HideSolutionNode = FALSE
	EndGlobalSection
	GlobalSection(ExtensibilityGlobals) = postSolution
		SolutionGuid = {9BAEA1CB-8158-44D5-956F-6159A6F90A01}
	EndGlobalSection
EndGlobal
